
Microsoft Visual Studio Solution File, Format Version 12.00
# Visual Studio Version 17
VisualStudioVersion = 17.14.36414.22 d17.14
MinimumVisualStudioVersion = 10.0.40219.1
Project("{2150E333-8FDC-42A3-9474-1A3956D46DE8}") = "src", "src", "{02EA681E-C7D8-13C7-8484-4AC65E1B71E8}"
EndProject
Project("{2150E333-8FDC-42A3-9474-1A3956D46DE8}") = "doc", "doc", "{917C7856-3B28-4050-986B-F4DB0BD38AA2}"
EndProject
Project("{2150E333-8FDC-42A3-9474-1A3956D46DE8}") = "pipelines", "pipelines", "{23D93C6A-608E-4178-9DC2-64A06689A889}"
EndProject
Project("{2150E333-8FDC-42A3-9474-1A3956D46DE8}") = "scripts", "scripts", "{627B0D27-1DD2-493B-A5FC-34D8C1BC2C92}"
EndProject
Project("{2150E333-8FDC-42A3-9474-1A3956D46DE8}") = "tests", "tests", "{301B533D-5BC0-4FCD-B756-1B86B3A7E0B9}"
EndProject
Project("{FAE04EC0-301F-11D3-BF4B-00C04F79EFBC}") = "Microservice.Event.Bus", "src\Microservice.Event.Bus\Microservice.Event.Bus.csproj", "{F9AFBE05-4D3F-8DEE-FEC1-40831CE309A2}"
EndProject
Global
	GlobalSection(SolutionConfigurationPlatforms) = preSolution
		Debug|Any CPU = Debug|Any CPU
		Release|Any CPU = Release|Any CPU
	EndGlobalSection
	GlobalSection(ProjectConfigurationPlatforms) = postSolution
		{F9AFBE05-4D3F-8DEE-FEC1-40831CE309A2}.Debug|Any CPU.ActiveCfg = Debug|Any CPU
		{F9AFBE05-4D3F-8DEE-FEC1-40831CE309A2}.Debug|Any CPU.Build.0 = Debug|Any CPU
		{F9AFBE05-4D3F-8DEE-FEC1-40831CE309A2}.Release|Any CPU.ActiveCfg = Release|Any CPU
		{F9AFBE05-4D3F-8DEE-FEC1-40831CE309A2}.Release|Any CPU.Build.0 = Release|Any CPU
	EndGlobalSection
	GlobalSection(SolutionProperties) = preSolution
		HideSolutionNode = FALSE
	EndGlobalSection
	GlobalSection(NestedProjects) = preSolution
		{F9AFBE05-4D3F-8DEE-FEC1-40831CE309A2} = {02EA681E-C7D8-13C7-8484-4AC65E1B71E8}
	EndGlobalSection
	GlobalSection(ExtensibilityGlobals) = postSolution
		SolutionGuid = {3ACC59DB-E01B-43D2-B267-D36196DB3378}
	EndGlobalSection
EndGlobal
